{
  "requires": true,
  "lockfileVersion": 1,
  "dependencies": {
    "@types/node": {
      "version": "10.0.0",
      "resolved": "https://registry.npmjs.org/@types/node/-/node-10.0.0.tgz",
      "integrity": "sha512-kctoM36XiNZT86a7tPsUje+Q/yl+dqELjtYApi0T5eOQ90Elhu0MI10rmYk44yEP4v1jdDvtjQ9DFtpRtHf2Bw=="
    },
    "@types/socket.io": {
      "version": "1.4.33",
      "resolved": "https://registry.npmjs.org/@types/socket.io/-/socket.io-1.4.33.tgz",
      "integrity": "sha512-5B7fqv/VppCRyYaikMbVlOjy2sXpFxk3AiEyUBnm9HFJrJ8Roej+rekflxsY/la2+shXUWw0s8sRi0jbfQJvIw==",
      "requires": {
        "@types/node": "*"
      }
    }
  }
}
